
Microsoft Visual Studio Solution File, Format Version 12.00
# Visual Studio Version 17
VisualStudioVersion = 17.3.32929.385
MinimumVisualStudioVersion = 10.0.40219.1
Project("{FAE04EC0-301F-11D3-BF4B-00C04F79EFBC}") = "SignalRServerExample", "SignalRServerExample\SignalRServerExample.csproj", "{A70F8A95-6E71-4028-A422-CD3506CF78D8}"
EndProject
Global
	GlobalSection(SolutionConfigurationPlatforms) = preSolution
		Debug|Any CPU = Debug|Any CPU
		Release|Any CPU = Release|Any CPU
	EndGlobalSection
	GlobalSection(ProjectConfigurationPlatforms) = postSolution
		{A70F8A95-6E71-4028-A422-CD3506CF78D8}.Debug|Any CPU.ActiveCfg = Debug|Any CPU
		{A70F8A95-6E71-4028-A422-CD3506CF78D8}.Debug|Any CPU.Build.0 = Debug|Any CPU
		{A70F8A95-6E71-4028-A422-CD3506CF78D8}.Release|Any CPU.ActiveCfg = Release|Any CPU
		{A70F8A95-6E71-4028-A422-CD3506CF78D8}.Release|Any CPU.Build.0 = Release|Any CPU
	EndGlobalSection
	GlobalSection(SolutionProperties) = preSolution
		HideSolutionNode = FALSE
	EndGlobalSection
	GlobalSection(ExtensibilityGlobals) = postSolution
		SolutionGuid = {9038632B-9323-4555-8690-C7497DC25A6A}
	EndGlobalSection
EndGlobal
